dependencies:
- name: aws-load-balancer-controller
  repository: https://aws.github.io/eks-charts
  version: 1.16.0
- name: cluster-autoscaler
  repository: https://kubernetes.github.io/autoscaler
  version: 9.54.0
digest: sha256:b5678f82f197b36254aa5e70c4a853d8da7393662f59f82e3b6ef4d365827098
generated: "2025-12-18T13:15:28.991083-05:00"
